// !$*UTF8*$!
{
	archiveVersion = 1;
	classes = {
	};
	objectVersion = 50;
	objects = {

/* Begin PBXBuildFile section */
		5B62FA40237CC2D500F980ED /* AppDelegate.swift in Sources */ = {isa = PBXBuildFile; fileRef = 5B62FA3F237CC2D500F980ED /* AppDelegate.swift */; };
		5B62FA42237CC2D500F980ED /* SceneDelegate.swift in Sources */ = {isa = PBXBuildFile; fileRef = 5B62FA41237CC2D500F980ED /* SceneDelegate.swift */; };
		5B62FA44237CC2D500F980ED /* ViewController.swift in Sources */ = {isa = PBXBuildFile; fileRef = 5B62FA43237CC2D500F980ED /* ViewController.swift */; };
		5B62FA47237CC2D500F980ED /* Main.storyboard in Resources */ = {isa = PBXBuildFile; fileRef = 5B62FA45237CC2D500F980ED /* Main.storyboard */; };
		5B62FA49237CC2D700F980ED /* Assets.xcassets in Resources */ = {isa = PBXBuildFile; fileRef = 5B62FA48237CC2D700F980ED /* Assets.xcassets */; };
		5B62FA4C237CC2D700F980ED /* LaunchScreen.storyboard in Resources */ = {isa = PBXBuildFile; fileRef = 5B62FA4A237CC2D700F980ED /* LaunchScreen.storyboard */; };
		5B62FA57237CC2D700F980ED /* KittenProjectTests.swift in Sources */ = {isa = PBXBuildFile; fileRef = 5B62FA56237CC2D700F980ED /* KittenProjectTests.swift */; };
		693E316612051D97DEF81442 /* Pods_KittenProject.framework in Frameworks */ = {isa = PBXBuildFile; fileRef = 2B3D0E0C0D31E89DF8DFD8E3 /* Pods_KittenProject.framework */; };
		AEF2C2184A0D802CB6FE700B /* Pods_KittenProjectTests.framework in Frameworks */ = {isa = PBXBuildFile; fileRef = 3A83B2717C765D855E1FF0E2 /* Pods_KittenProjectTests.framework */; };
/* End PBXBuildFile section */

/* Begin PBXContainerItemProxy section */
		5B62FA53237CC2D700F980ED /* PBXContainerItemProxy */ = {
			isa = PBXContainerItemProxy;
			containerPortal = 5B62FA34237CC2D500F980ED /* Project object */;
			proxyType = 1;
			remoteGlobalIDString = 5B62FA3B237CC2D500F980ED;
			remoteInfo = KittenProject;
		};
/* End PBXContainerItemProxy section */

/* Begin PBXFileReference section */
		2B3D0E0C0D31E89DF8DFD8E3 /* Pods_KittenProject.framework */ = {isa = PBXFileReference; explicitFileType = wrapper.framework; includeInIndex = 0; path = Pods_KittenProject.framework; sourceTree = BUILT_PRODUCTS_DIR; };
		3A83B2717C765D855E1FF0E2 /* Pods_KittenProjectTests.framework */ = {isa = PBXFileReference; explicitFileType = wrapper.framework; includeInIndex = 0; path = Pods_KittenProjectTests.framework; sourceTree = BUILT_PRODUCTS_DIR; };
		5B62FA3C237CC2D500F980ED /* KittenProject.app */ = {isa = PBXFileReference; explicitFileType = wrapper.application; includeInIndex = 0; path = KittenProject.app; sourceTree = BUILT_PRODUCTS_DIR; };
		5B62FA3F237CC2D500F980ED /* AppDelegate.swift */ = {isa = PBXFileReference; lastKnownFileType = sourcecode.swift; path = AppDelegate.swift; sourceTree = "<group>"; };
		5B62FA41237CC2D500F980ED /* SceneDelegate.swift */ = {isa = PBXFileReference; lastKnownFileType = sourcecode.swift; path = SceneDelegate.swift; sourceTree = "<group>"; };
		5B62FA43237CC2D500F980ED /* ViewController.swift */ = {isa = PBXFileReference; lastKnownFileType = sourcecode.swift; path = ViewController.swift; sourceTree = "<group>"; };
		5B62FA46237CC2D500F980ED /* Base */ = {isa = PBXFileReference; lastKnownFileType = file.storyboard; name = Base; path = Base.lproj/Main.storyboard; sourceTree = "<group>"; };
		5B62FA48237CC2D700F980ED /* Assets.xcassets */ = {isa = PBXFileReference; lastKnownFileType = folder.assetcatalog; path = Assets.xcassets; sourceTree = "<group>"; };
		5B62FA4B237CC2D700F980ED /* Base */ = {isa = PBXFileReference; lastKnownFileType = file.storyboard; name = Base; path = Base.lproj/LaunchScreen.storyboard; sourceTree = "<group>"; };
		5B62FA4D237CC2D700F980ED /* Info.plist */ = {isa = PBXFileReference; lastKnownFileType = text.plist.xml; path = Info.plist; sourceTree = "<group>"; };
		5B62FA52237CC2D700F980ED /* KittenProjectTests.xctest */ = {isa = PBXFileReference; explicitFileType = wrapper.cfbundle; includeInIndex = 0; path = KittenProjectTests.xctest; sourceTree = BUILT_PRODUCTS_DIR; };
		5B62FA56237CC2D700F980ED /* KittenProjectTests.swift */ = {isa = PBXFileReference; lastKnownFileType = sourcecode.swift; path = KittenProjectTests.swift; sourceTree = "<group>"; };
		5B62FA58237CC2D700F980ED /* Info.plist */ = {isa = PBXFileReference; lastKnownFileType = text.plist.xml; path = Info.plist; sourceTree = "<group>"; };
		75111A1C28B5E8C314031EEA /* Pods-KittenProjectTests.release.xcconfig */ = {isa = PBXFileReference; includeInIndex = 1; lastKnownFileType = text.xcconfig; name = "Pods-KittenProjectTests.release.xcconfig"; path = "Target Support Files/Pods-KittenProjectTests/Pods-KittenProjectTests.release.xcconfig"; sourceTree = "<group>"; };
		86E85E75907402E66298E465 /* Pods-KittenProject.debug.xcconfig */ = {isa = PBXFileReference; includeInIndex = 1; lastKnownFileType = text.xcconfig; name = "Pods-KittenProject.debug.xcconfig"; path = "Target Support Files/Pods-KittenProject/Pods-KittenProject.debug.xcconfig"; sourceTree = "<group>"; };
		8D88670F016D42F994779DF4 /* Pods-KittenProject.release.xcconfig */ = {isa = PBXFileReference; includeInIndex = 1; lastKnownFileType = text.xcconfig; name = "Pods-KittenProject.release.xcconfig"; path = "Target Support Files/Pods-KittenProject/Pods-KittenProject.release.xcconfig"; sourceTree = "<group>"; };
		8EE2437D910DFEE615FEAEFE /* Pods-KittenProjectTests.debug.xcconfig */ = {isa = PBXFileReference; includeInIndex = 1; lastKnownFileType = text.xcconfig; name = "Pods-KittenProjectTests.debug.xcconfig"; path = "Target Support Files/Pods-KittenProjectTests/Pods-KittenProjectTests.debug.xcconfig"; sourceTree = "<group>"; };
/* End PBXFileReference section */

/* Begin PBXFrameworksBuildPhase section */
		5B62FA39237CC2D500F980ED /* Frameworks */ = {
			isa = PBXFrameworksBuildPhase;
			buildActionMask = 2147483647;
			files = (
				693E316612051D97DEF81442 /* Pods_KittenProject.framework in Frameworks */,
			);
			runOnlyForDeploymentPostprocessing = 0;
		};
		5B62FA4F237CC2D700F980ED /* Frameworks */ = {
			isa = PBXFrameworksBuildPhase;
			buildActionMask = 2147483647;
			files = (
				AEF2C2184A0D802CB6FE700B /* Pods_KittenProjectTests.framework in Frameworks */,
			);
			runOnlyForDeploymentPostprocessing = 0;
		};
/* End PBXFrameworksBuildPhase section */

/* Begin PBXGroup section */
		27AD0B022036887F17DE7B79 /* Frameworks */ = {
			isa = PBXGroup;
			children = (
				2B3D0E0C0D31E89DF8DFD8E3 /* Pods_KittenProject.framework */,
				3A83B2717C765D855E1FF0E2 /* Pods_KittenProjectTests.framework */,
			);
			name = Frameworks;
			sourceTree = "<group>";
		};
		2D3C27DA6FB8E2F9A09BCF41 /* Pods */ = {
			isa = PBXGroup;
			children = (
				86E85E75907402E66298E465 /* Pods-KittenProject.debug.xcconfig */,
				8D88670F016D42F994779DF4 /* Pods-KittenProject.release.xcconfig */,
				8EE2437D910DFEE615FEAEFE /* Pods-KittenProjectTests.debug.xcconfig */,
				75111A1C28B5E8C314031EEA /* Pods-KittenProjectTests.release.xcconfig */,
			);
			name = Pods;
			path = Pods;
			sourceTree = "<group>";
		};
		5B62FA33237CC2D500F980ED = {
			isa = PBXGroup;
			children = (
				5B62FA3E237CC2D500F980ED /* KittenProject */,
				5B62FA55237CC2D700F980ED /* KittenProjectTests */,
				5B62FA3D237CC2D500F980ED /* Products */,
				2D3C27DA6FB8E2F9A09BCF41 /* Pods */,
				27AD0B022036887F17DE7B79 /* Frameworks */,
			);
			sourceTree = "<group>";
		};
		5B62FA3D237CC2D500F980ED /* Products */ = {
			isa = PBXGroup;
			children = (
				5B62FA3C237CC2D500F980ED /* KittenProject.app */,
				5B62FA52237CC2D700F980ED /* KittenProjectTests.xctest */,
			);
			name = Products;
			sourceTree = "<group>";
		};
		5B62FA3E237CC2D500F980ED /* KittenProject */ = {
			isa = PBXGroup;
			children = (
				5B62FA3F237CC2D500F980ED /* AppDelegate.swift */,
				5B62FA41237CC2D500F980ED /* SceneDelegate.swift */,
				5B62FA43237CC2D500F980ED /* ViewController.swift */,
				5B62FA45237CC2D500F980ED /* Main.storyboard */,
				5B62FA48237CC2D700F980ED /* Assets.xcassets */,
				5B62FA4A237CC2D700F980ED /* LaunchScreen.storyboard */,
				5B62FA4D237CC2D700F980ED /* Info.plist */,
			);
			path = KittenProject;
			sourceTree = "<group>";
		};
		5B62FA55237CC2D700F980ED /* KittenProjectTests */ = {
			isa = PBXGroup;
			children = (
				5B62FA56237CC2D700F980ED /* KittenProjectTests.swift */,
				5B62FA58237CC2D700F980ED /* Info.plist */,
			);
			path = KittenProjectTests;
			sourceTree = "<group>";
		};
/* End PBXGroup section */

/* Begin PBXNativeTarget section */
		5B62FA3B237CC2D500F980ED /* KittenProject */ = {
			isa = PBXNativeTarget;
			buildConfigurationList = 5B62FA5B237CC2D700F980ED /* Build configuration list for PBXNativeTarget "KittenProject" */;
			buildPhases = (
				546566DA3296E793763A312B /* [CP] Check Pods Manifest.lock */,
				5B62FA38237CC2D500F980ED /* Sources */,
				5B62FA39237CC2D500F980ED /* Frameworks */,
				5B62FA3A237CC2D500F980ED /* Resources */,
			);
			buildRules = (
			);
			dependencies = (
			);
			name = KittenProject;
			productName = KittenProject;
			productReference = 5B62FA3C237CC2D500F980ED /* KittenProject.app */;
			productType = "com.apple.product-type.application";
		};
		5B62FA51237CC2D700F980ED /* KittenProjectTests */ = {
			isa = PBXNativeTarget;
			buildConfigurationList = 5B62FA5E237CC2D700F980ED /* Build configuration list for PBXNativeTarget "KittenProjectTests" */;
			buildPhases = (
				A079F5022090CFF8BA866D6B /* [CP] Check Pods Manifest.lock */,
				5B62FA4E237CC2D700F980ED /* Sources */,
				5B62FA4F237CC2D700F980ED /* Frameworks */,
				5B62FA50237CC2D700F980ED /* Resources */,
			);
			buildRules = (
			);
			dependencies = (
				5B62FA54237CC2D700F980ED /* PBXTargetDependency */,
			);
			name = KittenProjectTests;
			productName = KittenProjectTests;
			productReference = 5B62FA52237CC2D700F980ED /* KittenProjectTests.xctest */;
			productType = "com.apple.product-type.bundle.unit-test";
		};
/* End PBXNativeTarget section */

/* Begin PBXProject section */
		5B62FA34237CC2D500F980ED /* Project object */ = {
			isa = PBXProject;
			attributes = {
				LastSwiftUpdateCheck = 1120;
				LastUpgradeCheck = 1120;
				ORGANIZATIONNAME = "André Bedran";
				TargetAttributes = {
					5B62FA3B237CC2D500F980ED = {
						CreatedOnToolsVersion = 11.2.1;
					};
					5B62FA51237CC2D700F980ED = {
						CreatedOnToolsVersion = 11.2.1;
						TestTargetID = 5B62FA3B237CC2D500F980ED;
					};
				};
			};
			buildConfigurationList = 5B62FA37237CC2D500F980ED /* Build configuration list for PBXProject "KittenProject" */;
			compatibilityVersion = "Xcode 9.3";
			developmentRegion = en;
			hasScannedForEncodings = 0;
			knownRegions = (
				en,
				Base,
			);
			mainGroup = 5B62FA33237CC2D500F980ED;
			productRefGroup = 5B62FA3D237CC2D500F980ED /* Products */;
			projectDirPath = "";
			projectRoot = "";
			targets = (
				5B62FA3B237CC2D500F980ED /* KittenProject */,
				5B62FA51237CC2D700F980ED /* KittenProjectTests */,
			);
		};
/* End PBXProject section */

/* Begin PBXResourcesBuildPhase section */
		5B62FA3A237CC2D500F980ED /* Resources */ = {
			isa = PBXResourcesBuildPhase;
			buildActionMask = 2147483647;
			files = (
				5B62FA4C237CC2D700F980ED /* LaunchScreen.storyboard in Resources */,
				5B62FA49237CC2D700F980ED /* Assets.xcassets in Resources */,
				5B62FA47237CC2D500F980ED /* Main.storyboard in Resources */,
			);
			runOnlyForDeploymentPostprocessing = 0;
		};
		5B62FA50237CC2D700F980ED /* Resources */ = {
			isa = PBXResourcesBuildPhase;
			buildActionMask = 2147483647;
			files = (
			);
			runOnlyForDeploymentPostprocessing = 0;
		};
/* End PBXResourcesBuildPhase section */

/* Begin PBXShellScriptBuildPhase section */
		546566DA3296E793763A312B /* [CP] Check Pods Manifest.lock */ = {
			isa = PBXShellScriptBuildPhase;
			buildActionMask = 2147483647;
			files = (
			);
			inputFileListPaths = (
			);
			inputPaths = (
				"${PODS_PODFILE_DIR_PATH}/Podfile.lock",
				"${PODS_ROOT}/Manifest.lock",
			);
			name = "[CP] Check Pods Manifest.lock";
			outputFileListPaths = (
			);
			outputPaths = (
				"$(DERIVED_FILE_DIR)/Pods-KittenProject-checkManifestLockResult.txt",
			);
			runOnlyForDeploymentPostprocessing = 0;
			shellPath = /bin/sh;
			shellScript = "diff \"${PODS_PODFILE_DIR_PATH}/Podfile.lock\" \"${PODS_ROOT}/Manifest.lock\" > /dev/null\nif [ $? != 0 ] ; then\n    # print error to STDERR\n    echo \"error: The sandbox is not in sync with the Podfile.lock. Run 'pod install' or update your CocoaPods installation.\" >&2\n    exit 1\nfi\n# This output is used by Xcode 'outputs' to avoid re-running this script phase.\necho \"SUCCESS\" > \"${SCRIPT_OUTPUT_FILE_0}\"\n";
			showEnvVarsInLog = 0;
		};
		A079F5022090CFF8BA866D6B /* [CP] Check Pods Manifest.lock */ = {
			isa = PBXShellScriptBuildPhase;
			buildActionMask = 2147483647;
			files = (
			);
			inputFileListPaths = (
			);
			inputPaths = (
				"${PODS_PODFILE_DIR_PATH}/Podfile.lock",
				"${PODS_ROOT}/Manifest.lock",
			);
			name = "[CP] Check Pods Manifest.lock";
			outputFileListPaths = (
			);
			outputPaths = (
				"$(DERIVED_FILE_DIR)/Pods-KittenProjectTests-checkManifestLockResult.txt",
			);
			runOnlyForDeploymentPostprocessing = 0;
			shellPath = /bin/sh;
			shellScript = "diff \"${PODS_PODFILE_DIR_PATH}/Podfile.lock\" \"${PODS_ROOT}/Manifest.lock\" > /dev/null\nif [ $? != 0 ] ; then\n    # print error to STDERR\n    echo \"error: The sandbox is not in sync with the Podfile.lock. Run 'pod install' or update your CocoaPods installation.\" >&2\n    exit 1\nfi\n# This output is used by Xcode 'outputs' to avoid re-running this script phase.\necho \"SUCCESS\" > \"${SCRIPT_OUTPUT_FILE_0}\"\n";
			showEnvVarsInLog = 0;
		};
/* End PBXShellScriptBuildPhase section */

/* Begin PBXSourcesBuildPhase section */
		5B62FA38237CC2D500F980ED /* Sources */ = {
			isa = PBXSourcesBuildPhase;
			buildActionMask = 2147483647;
			files = (
				5B62FA44237CC2D500F980ED /* ViewController.swift in Sources */,
				5B62FA40237CC2D500F980ED /* AppDelegate.swift in Sources */,
				5B62FA42237CC2D500F980ED /* SceneDelegate.swift in Sources */,
			);
			runOnlyForDeploymentPostprocessing = 0;
		};
		5B62FA4E237CC2D700F980ED /* Sources */ = {
			isa = PBXSourcesBuildPhase;
			buildActionMask = 2147483647;
			files = (
				5B62FA57237CC2D700F980ED /* KittenProjectTests.swift in Sources */,
			);
			runOnlyForDeploymentPostprocessing = 0;
		};
/* End PBXSourcesBuildPhase section */

/* Begin PBXTargetDependency section */
		5B62FA54237CC2D700F980ED /* PBXTargetDependency */ = {
			isa = PBXTargetDependency;
			target = 5B62FA3B237CC2D500F980ED /* KittenProject */;
			targetProxy = 5B62FA53237CC2D700F980ED /* PBXContainerItemProxy */;
		};
/* End PBXTargetDependency section */

/* Begin PBXVariantGroup section */
		5B62FA45237CC2D500F980ED /* Main.storyboard */ = {
			isa = PBXVariantGroup;
			children = (
				5B62FA46237CC2D500F980ED /* Base */,
			);
			name = Main.storyboard;
			sourceTree = "<group>";
		};
		5B62FA4A237CC2D700F980ED /* LaunchScreen.storyboard */ = {
			isa = PBXVariantGroup;
			children = (
				5B62FA4B237CC2D700F980ED /* Base */,
			);
			name = LaunchScreen.storyboard;
			sourceTree = "<group>";
		};
/* End PBXVariantGroup section */

/* Begin XCBuildConfiguration section */
		5B62FA59237CC2D700F980ED /* Debug */ = {
			isa = XCBuildConfiguration;
			buildSettings = {
				ALWAYS_SEARCH_USER_PATHS = NO;
				CLANG_ANALYZER_NONNULL = YES;
				CLANG_ANALYZER_NUMBER_OBJECT_CONVERSION = YES_AGGRESSIVE;
				CLANG_CXX_LANGUAGE_STANDARD = "gnu++14";
				CLANG_CXX_LIBRARY = "libc++";
				CLANG_ENABLE_MODULES = YES;
				CLANG_ENABLE_OBJC_ARC = YES;
				CLANG_ENABLE_OBJC_WEAK = YES;
				CLANG_WARN_BLOCK_CAPTURE_AUTORELEASING = YES;
				CLANG_WARN_BOOL_CONVERSION = YES;
				CLANG_WARN_COMMA = YES;
				CLANG_WARN_CONSTANT_CONVERSION = YES;
				CLANG_WARN_DEPRECATED_OBJC_IMPLEMENTATIONS = YES;
				CLANG_WARN_DIRECT_OBJC_ISA_USAGE = YES_ERROR;
				CLANG_WARN_DOCUMENTATION_COMMENTS = YES;
				CLANG_WARN_EMPTY_BODY = YES;
				CLANG_WARN_ENUM_CONVERSION = YES;
				CLANG_WARN_INFINITE_RECURSION = YES;
				CLANG_WARN_INT_CONVERSION = YES;
				CLANG_WARN_NON_LITERAL_NULL_CONVERSION = YES;
				CLANG_WARN_OBJC_IMPLICIT_RETAIN_SELF = YES;
				CLANG_WARN_OBJC_LITERAL_CONVERSION = YES;
				CLANG_WARN_OBJC_ROOT_CLASS = YES_ERROR;
				CLANG_WARN_RANGE_LOOP_ANALYSIS = YES;
				CLANG_WARN_STRICT_PROTOTYPES = YES;
				CLANG_WARN_SUSPICIOUS_MOVE = YES;
				CLANG_WARN_UNGUARDED_AVAILABILITY = YES_AGGRESSIVE;
				CLANG_WARN_UNREACHABLE_CODE = YES;
				CLANG_WARN__DUPLICATE_METHOD_MATCH = YES;
				COPY_PHASE_STRIP = NO;
				DEBUG_INFORMATION_FORMAT = dwarf;
				ENABLE_STRICT_OBJC_MSGSEND = YES;
				ENABLE_TESTABILITY = YES;
				GCC_C_LANGUAGE_STANDARD = gnu11;
				GCC_DYNAMIC_NO_PIC = NO;
				GCC_NO_COMMON_BLOCKS = YES;
				GCC_OPTIMIZATION_LEVEL = 0;
				GCC_PREPROCESSOR_DEFINITIONS = (
					"DEBUG=1",
					"$(inherited)",
				);
				GCC_WARN_64_TO_32_BIT_CONVERSION = YES;
				GCC_WARN_ABOUT_RETURN_TYPE = YES_ERROR;
				GCC_WARN_UNDECLARED_SELECTOR = YES;
				GCC_WARN_UNINITIALIZED_AUTOS = YES_AGGRESSIVE;
				GCC_WARN_UNUSED_FUNCTION = YES;
				GCC_WARN_UNUSED_VARIABLE = YES;
				IPHONEOS_DEPLOYMENT_TARGET = 13.2;
				MTL_ENABLE_DEBUG_INFO = INCLUDE_SOURCE;
				MTL_FAST_MATH = YES;
				ONLY_ACTIVE_ARCH = YES;
				SDKROOT = iphoneos;
				SWIFT_ACTIVE_COMPILATION_CONDITIONS = DEBUG;
				SWIFT_OPTIMIZATION_LEVEL = "-Onone";
			};
			name = Debug;
		};
		5B62FA5A237CC2D700F980ED /* Release */ = {
			isa = XCBuildConfiguration;
			buildSettings = {
				ALWAYS_SEARCH_USER_PATHS = NO;
				CLANG_ANALYZER_NONNULL = YES;
				CLANG_ANALYZER_NUMBER_OBJECT_CONVERSION = YES_AGGRESSIVE;
				CLANG_CXX_LANGUAGE_STANDARD = "gnu++14";
				CLANG_CXX_LIBRARY = "libc++";
				CLANG_ENABLE_MODULES = YES;
				CLANG_ENABLE_OBJC_ARC = YES;
				CLANG_ENABLE_OBJC_WEAK = YES;
				CLANG_WARN_BLOCK_CAPTURE_AUTORELEASING = YES;
				CLANG_WARN_BOOL_CONVERSION = YES;
				CLANG_WARN_COMMA = YES;
				CLANG_WARN_CONSTANT_CONVERSION = YES;
				CLANG_WARN_DEPRECATED_OBJC_IMPLEMENTATIONS = YES;
				CLANG_WARN_DIRECT_OBJC_ISA_USAGE = YES_ERROR;
				CLANG_WARN_DOCUMENTATION_COMMENTS = YES;
				CLANG_WARN_EMPTY_BODY = YES;
				CLANG_WARN_ENUM_CONVERSION = YES;
				CLANG_WARN_INFINITE_RECURSION = YES;
				CLANG_WARN_INT_CONVERSION = YES;
				CLANG_WARN_NON_LITERAL_NULL_CONVERSION = YES;
				CLANG_WARN_OBJC_IMPLICIT_RETAIN_SELF = YES;
				CLANG_WARN_OBJC_LITERAL_CONVERSION = YES;
				CLANG_WARN_OBJC_ROOT_CLASS = YES_ERROR;
				CLANG_WARN_RANGE_LOOP_ANALYSIS = YES;
				CLANG_WARN_STRICT_PROTOTYPES = YES;
				CLANG_WARN_SUSPICIOUS_MOVE = YES;
				CLANG_WARN_UNGUARDED_AVAILABILITY = YES_AGGRESSIVE;
				CLANG_WARN_UNREACHABLE_CODE = YES;
				CLANG_WARN__DUPLICATE_METHOD_MATCH = YES;
				COPY_PHASE_STRIP = NO;
				DEBUG_INFORMATION_FORMAT = "dwarf-with-dsym";
				ENABLE_NS_ASSERTIONS = NO;
				ENABLE_STRICT_OBJC_MSGSEND = YES;
				GCC_C_LANGUAGE_STANDARD = gnu11;
				GCC_NO_COMMON_BLOCKS = YES;
				GCC_WARN_64_TO_32_BIT_CONVERSION = YES;
				GCC_WARN_ABOUT_RETURN_TYPE = YES_ERROR;
				GCC_WARN_UNDECLARED_SELECTOR = YES;
				GCC_WARN_UNINITIALIZED_AUTOS = YES_AGGRESSIVE;
				GCC_WARN_UNUSED_FUNCTION = YES;
				GCC_WARN_UNUSED_VARIABLE = YES;
				IPHONEOS_DEPLOYMENT_TARGET = 13.2;
				MTL_ENABLE_DEBUG_INFO = NO;
				MTL_FAST_MATH = YES;
				SDKROOT = iphoneos;
				SWIFT_COMPILATION_MODE = wholemodule;
				SWIFT_OPTIMIZATION_LEVEL = "-O";
				VALIDATE_PRODUCT = YES;
			};
			name = Release;
		};
		5B62FA5C237CC2D700F980ED /* Debug */ = {
			isa = XCBuildConfiguration;
			baseConfigurationReference = 86E85E75907402E66298E465 /* Pods-KittenProject.debug.xcconfig */;
			buildSettings = {
				ASSETCATALOG_COMPILER_APPICON_NAME = AppIcon;
				CODE_SIGN_STYLE = Automatic;
				DEVELOPMENT_TEAM = G8PJPBXRKP;
				INFOPLIST_FILE = KittenProject/Info.plist;
				LD_RUNPATH_SEARCH_PATHS = (
					"$(inherited)",
					"@executable_path/Frameworks",
				);
				PRODUCT_BUNDLE_IDENTIFIER = br.com.andrebedran.KittenProject;
				PRODUCT_NAME = "$(TARGET_NAME)";
				SWIFT_VERSION = 5.0;
				TARGETED_DEVICE_FAMILY = 1;
			};
			name = Debug;
		};
		5B62FA5D237CC2D700F980ED /* Release */ = {
			isa = XCBuildConfiguration;
			baseConfigurationReference = 8D88670F016D42F994779DF4 /* Pods-KittenProject.release.xcconfig */;
			buildSettings = {
				ASSETCATALOG_COMPILER_APPICON_NAME = AppIcon;
				CODE_SIGN_STYLE = Automatic;
				DEVELOPMENT_TEAM = G8PJPBXRKP;
				INFOPLIST_FILE = KittenProject/Info.plist;
				LD_RUNPATH_SEARCH_PATHS = (
					"$(inherited)",
					"@executable_path/Frameworks",
				);
				PRODUCT_BUNDLE_IDENTIFIER = br.com.andrebedran.KittenProject;
				PRODUCT_NAME = "$(TARGET_NAME)";
				SWIFT_VERSION = 5.0;
				TARGETED_DEVICE_FAMILY = 1;
			};
			name = Release;
		};
		5B62FA5F237CC2D700F980ED /* Debug */ = {
			isa = XCBuildConfiguration;
			baseConfigurationReference = 8EE2437D910DFEE615FEAEFE /* Pods-KittenProjectTests.debug.xcconfig */;
			buildSettings = {
				ALWAYS_EMBED_SWIFT_STANDARD_LIBRARIES = YES;
				BUNDLE_LOADER = "$(TEST_HOST)";
				CODE_SIGN_STYLE = Automatic;
				DEVELOPMENT_TEAM = G8PJPBXRKP;
				INFOPLIST_FILE = KittenProjectTests/Info.plist;
				IPHONEOS_DEPLOYMENT_TARGET = 13.2;
				LD_RUNPATH_SEARCH_PATHS = (
					"$(inherited)",
					"@executable_path/Frameworks",
					"@loader_path/Frameworks",
				);
				PRODUCT_BUNDLE_IDENTIFIER = br.com.andrebedran.KittenProjectTests;
				PRODUCT_NAME = "$(TARGET_NAME)";
				SWIFT_VERSION = 5.0;
				TARGETED_DEVICE_FAMILY = "1,2";
				TEST_HOST = "$(BUILT_PRODUCTS_DIR)/KittenProject.app/KittenProject";
			};
			name = Debug;
		};
		5B62FA60237CC2D700F980ED /* Release */ = {
			isa = XCBuildConfiguration;
			baseConfigurationReference = 75111A1C28B5E8C314031EEA /* Pods-KittenProjectTests.release.xcconfig */;
			buildSettings = {
				ALWAYS_EMBED_SWIFT_STANDARD_LIBRARIES = YES;
				BUNDLE_LOADER = "$(TEST_HOST)";
				CODE_SIGN_STYLE = Automatic;
				DEVELOPMENT_TEAM = G8PJPBXRKP;
				INFOPLIST_FILE = KittenProjectTests/Info.plist;
				IPHONEOS_DEPLOYMENT_TARGET = 13.2;
				LD_RUNPATH_SEARCH_PATHS = (
					"$(inherited)",
					"@executable_path/Frameworks",
					"@loader_path/Frameworks",
				);
				PRODUCT_BUNDLE_IDENTIFIER = br.com.andrebedran.KittenProjectTests;
				PRODUCT_NAME = "$(TARGET_NAME)";
				SWIFT_VERSION = 5.0;
				TARGETED_DEVICE_FAMILY = "1,2";
				TEST_HOST = "$(BUILT_PRODUCTS_DIR)/KittenProject.app/KittenProject";
			};
			name = Release;
		};
/* End XCBuildConfiguration section */

/* Begin XCConfigurationList section */
		5B62FA37237CC2D500F980ED /* Build configuration list for PBXProject "KittenProject" */ = {
			isa = XCConfigurationList;
			buildConfigurations = (
				5B62FA59237CC2D700F980ED /* Debug */,
				5B62FA5A237CC2D700F980ED /* Release */,
			);
			defaultConfigurationIsVisible = 0;
			defaultConfigurationName = Release;
		};
		5B62FA5B237CC2D700F980ED /* Build configuration list for PBXNativeTarget "KittenProject" */ = {
			isa = XCConfigurationList;
			buildConfigurations = (
				5B62FA5C237CC2D700F980ED /* Debug */,
				5B62FA5D237CC2D700F980ED /* Release */,
			);
			defaultConfigurationIsVisible = 0;
			defaultConfigurationName = Release;
		};
		5B62FA5E237CC2D700F980ED /* Build configuration list for PBXNativeTarget "KittenProjectTests" */ = {
			isa = XCConfigurationList;
			buildConfigurations = (
				5B62FA5F237CC2D700F980ED /* Debug */,
				5B62FA60237CC2D700F980ED /* Release */,
			);
			defaultConfigurationIsVisible = 0;
			defaultConfigurationName = Release;
		};
/* End XCConfigurationList section */
	};
	rootObject = 5B62FA34237CC2D500F980ED /* Project object */;
}
